
Microsoft Visual Studio Solution File, Format Version 12.00
# Visual Studio Version 17
VisualStudioVersion = 17.2.32630.192
MinimumVisualStudioVersion = 10.0.40219.1
Project("{2150E333-8FDC-42A3-9474-1A3956D46DE8}") = "2. Api", "2. Api", "{8CF5404B-BF1A-4A76-9F9C-4B7DCAF6550E}"
EndProject
Project("{2150E333-8FDC-42A3-9474-1A3956D46DE8}") = "3. Application", "3. Application", "{CA8824C2-1F04-4A09-9099-1177D601F57C}"
EndProject
Project("{2150E333-8FDC-42A3-9474-1A3956D46DE8}") = "4. Core", "4. Core", "{9680EC23-7D14-4637-9E14-86B5FDCFD919}"
EndProject
Project("{2150E333-8FDC-42A3-9474-1A3956D46DE8}") = "1. Presentation", "1. Presentation", "{4F6BFEE3-D392-4671-BDDB-F692DB65C248}"
EndProject
Project("{9A19103F-16F7-4668-BE54-9A1E7A4F7556}") = "AddressBooking.Core", "AddressBooking.Core\AddressBooking.Core.csproj", "{56FBFAFD-F4B9-4FE3-A70E-CC16ADF06561}"
EndProject
Project("{2150E333-8FDC-42A3-9474-1A3956D46DE8}") = "5. Infrastructure", "5. Infrastructure", "{D6D623D3-AB92-4530-A819-19DB11D2B45D}"
EndProject
Project("{9A19103F-16F7-4668-BE54-9A1E7A4F7556}") = "AddressBooking.Infrastructure", "AddressBooking.Infrastructure\AddressBooking.Infrastructure.csproj", "{A767E506-8894-43F7-993C-1AFB13E82514}"
EndProject
Project("{9A19103F-16F7-4668-BE54-9A1E7A4F7556}") = "AddressBooking.MVC", "AddressBooking.MVC\AddressBooking.MVC.csproj", "{82EFB156-D0DD-4B11-A63F-2AD23412E774}"
EndProject
Project("{9A19103F-16F7-4668-BE54-9A1E7A4F7556}") = "AddressBooking.Application", "AddressBooking.Application\AddressBooking.Application.csproj", "{46DBC4C2-2748-4370-A385-6CADB6E74566}"
EndProject
Project("{9A19103F-16F7-4668-BE54-9A1E7A4F7556}") = "AddressBooking.DepedencyInjection", "AddressBooking.DepedencyInjection\AddressBooking.DepedencyInjection.csproj", "{96DC46AB-38E7-48EA-A1A6-FA64E76B9EE6}"
EndProject
Project("{9A19103F-16F7-4668-BE54-9A1E7A4F7556}") = "AddressBooking.Api", "AddressBooking.Api\AddressBooking.Api.csproj", "{3564A861-D465-4C79-8F07-119F1F86D44A}"
EndProject
Project("{2150E333-8FDC-42A3-9474-1A3956D46DE8}") = "6. Unit Tests", "6. Unit Tests", "{89639840-BF77-4A6C-8F83-CD4BB6FEABE7}"
	ProjectSection(SolutionItems) = preProject
		C:\Users\Tikane Kgoatla\Downloads\demo-tests-data.csv = C:\Users\Tikane Kgoatla\Downloads\demo-tests-data.csv
	EndProjectSection
EndProject
Project("{9A19103F-16F7-4668-BE54-9A1E7A4F7556}") = "AddressBooking.ContactServiceTest", "AddressBooking.Contact.Test\AddressBooking.ContactServiceTest.csproj", "{83176E3C-2920-440A-A9B6-A77992495C6F}"
EndProject
Global
	GlobalSection(SolutionConfigurationPlatforms) = preSolution
		Debug|Any CPU = Debug|Any CPU
		Release|Any CPU = Release|Any CPU
	EndGlobalSection
	GlobalSection(ProjectConfigurationPlatforms) = postSolution
		{56FBFAFD-F4B9-4FE3-A70E-CC16ADF06561}.Debug|Any CPU.ActiveCfg = Debug|Any CPU
		{56FBFAFD-F4B9-4FE3-A70E-CC16ADF06561}.Debug|Any CPU.Build.0 = Debug|Any CPU
		{56FBFAFD-F4B9-4FE3-A70E-CC16ADF06561}.Release|Any CPU.ActiveCfg = Release|Any CPU
		{56FBFAFD-F4B9-4FE3-A70E-CC16ADF06561}.Release|Any CPU.Build.0 = Release|Any CPU
		{A767E506-8894-43F7-993C-1AFB13E82514}.Debug|Any CPU.ActiveCfg = Debug|Any CPU
		{A767E506-8894-43F7-993C-1AFB13E82514}.Debug|Any CPU.Build.0 = Debug|Any CPU
		{A767E506-8894-43F7-993C-1AFB13E82514}.Release|Any CPU.ActiveCfg = Release|Any CPU
		{A767E506-8894-43F7-993C-1AFB13E82514}.Release|Any CPU.Build.0 = Release|Any CPU
		{82EFB156-D0DD-4B11-A63F-2AD23412E774}.Debug|Any CPU.ActiveCfg = Debug|Any CPU
		{82EFB156-D0DD-4B11-A63F-2AD23412E774}.Debug|Any CPU.Build.0 = Debug|Any CPU
		{82EFB156-D0DD-4B11-A63F-2AD23412E774}.Release|Any CPU.ActiveCfg = Release|Any CPU
		{82EFB156-D0DD-4B11-A63F-2AD23412E774}.Release|Any CPU.Build.0 = Release|Any CPU
		{46DBC4C2-2748-4370-A385-6CADB6E74566}.Debug|Any CPU.ActiveCfg = Debug|Any CPU
		{46DBC4C2-2748-4370-A385-6CADB6E74566}.Debug|Any CPU.Build.0 = Debug|Any CPU
		{46DBC4C2-2748-4370-A385-6CADB6E74566}.Release|Any CPU.ActiveCfg = Release|Any CPU
		{46DBC4C2-2748-4370-A385-6CADB6E74566}.Release|Any CPU.Build.0 = Release|Any CPU
		{96DC46AB-38E7-48EA-A1A6-FA64E76B9EE6}.Debug|Any CPU.ActiveCfg = Debug|Any CPU
		{96DC46AB-38E7-48EA-A1A6-FA64E76B9EE6}.Debug|Any CPU.Build.0 = Debug|Any CPU
		{96DC46AB-38E7-48EA-A1A6-FA64E76B9EE6}.Release|Any CPU.ActiveCfg = Release|Any CPU
		{96DC46AB-38E7-48EA-A1A6-FA64E76B9EE6}.Release|Any CPU.Build.0 = Release|Any CPU
		{3564A861-D465-4C79-8F07-119F1F86D44A}.Debug|Any CPU.ActiveCfg = Debug|Any CPU
		{3564A861-D465-4C79-8F07-119F1F86D44A}.Debug|Any CPU.Build.0 = Debug|Any CPU
		{3564A861-D465-4C79-8F07-119F1F86D44A}.Release|Any CPU.ActiveCfg = Release|Any CPU
		{3564A861-D465-4C79-8F07-119F1F86D44A}.Release|Any CPU.Build.0 = Release|Any CPU
		{83176E3C-2920-440A-A9B6-A77992495C6F}.Debug|Any CPU.ActiveCfg = Debug|Any CPU
		{83176E3C-2920-440A-A9B6-A77992495C6F}.Debug|Any CPU.Build.0 = Debug|Any CPU
		{83176E3C-2920-440A-A9B6-A77992495C6F}.Release|Any CPU.ActiveCfg = Release|Any CPU
		{83176E3C-2920-440A-A9B6-A77992495C6F}.Release|Any CPU.Build.0 = Release|Any CPU
	EndGlobalSection
	GlobalSection(SolutionProperties) = preSolution
		HideSolutionNode = FALSE
	EndGlobalSection
	GlobalSection(NestedProjects) = preSolution
		{56FBFAFD-F4B9-4FE3-A70E-CC16ADF06561} = {9680EC23-7D14-4637-9E14-86B5FDCFD919}
		{A767E506-8894-43F7-993C-1AFB13E82514} = {D6D623D3-AB92-4530-A819-19DB11D2B45D}
		{82EFB156-D0DD-4B11-A63F-2AD23412E774} = {4F6BFEE3-D392-4671-BDDB-F692DB65C248}
		{46DBC4C2-2748-4370-A385-6CADB6E74566} = {CA8824C2-1F04-4A09-9099-1177D601F57C}
		{96DC46AB-38E7-48EA-A1A6-FA64E76B9EE6} = {D6D623D3-AB92-4530-A819-19DB11D2B45D}
		{3564A861-D465-4C79-8F07-119F1F86D44A} = {8CF5404B-BF1A-4A76-9F9C-4B7DCAF6550E}
		{83176E3C-2920-440A-A9B6-A77992495C6F} = {89639840-BF77-4A6C-8F83-CD4BB6FEABE7}
	EndGlobalSection
	GlobalSection(ExtensibilityGlobals) = postSolution
		SolutionGuid = {F6360377-7A1D-41C1-A99A-9E200879ED24}
	EndGlobalSection
EndGlobal
